
Microsoft Visual Studio Solution File, Format Version 12.00
# Visual Studio 15
VisualStudioVersion = 15.0.27004.2009
MinimumVisualStudioVersion = 10.0.40219.1
Project("{FAE04EC0-301F-11D3-BF4B-00C04F79EFBC}") = "backend", "backend\backend.csproj", "{3B5CC94A-B3DF-4F96-A9C8-5FB189F1A0A4}"
EndProject
Global
	GlobalSection(SolutionConfigurationPlatforms) = preSolution
		Debug|Any CPU = Debug|Any CPU
		Release|Any CPU = Release|Any CPU
	EndGlobalSection
	GlobalSection(ProjectConfigurationPlatforms) = postSolution
		{3B5CC94A-B3DF-4F96-A9C8-5FB189F1A0A4}.Debug|Any CPU.ActiveCfg = Debug|Any CPU
		{3B5CC94A-B3DF-4F96-A9C8-5FB189F1A0A4}.Debug|Any CPU.Build.0 = Debug|Any CPU
		{3B5CC94A-B3DF-4F96-A9C8-5FB189F1A0A4}.Release|Any CPU.ActiveCfg = Release|Any CPU
		{3B5CC94A-B3DF-4F96-A9C8-5FB189F1A0A4}.Release|Any CPU.Build.0 = Release|Any CPU
	EndGlobalSection
	GlobalSection(SolutionProperties) = preSolution
		HideSolutionNode = FALSE
	EndGlobalSection
	GlobalSection(ExtensibilityGlobals) = postSolution
		SolutionGuid = {958AA5EF-1738-414F-8301-C98D8A5EA080}
	EndGlobalSection
EndGlobal
